// !$*UTF8*$!
{
	archiveVersion = 1;
	classes = {
	};
	objectVersion = 46;
	objects = {

/* Begin PBXBuildFile section */
		92334FBE1F59F70900634A07 /* ToDo.rtf in Resources */ = {isa = PBXBuildFile; fileRef = 92334FBD1F59F70900634A07 /* ToDo.rtf */; };
		9277F61E1F5437C00006BCC6 /* FAQTableViewController.swift in Sources */ = {isa = PBXBuildFile; fileRef = 9277F61D1F5437C00006BCC6 /* FAQTableViewController.swift */; };
		92C444EE1F53CD56008FB3EB /* AppDelegate.swift in Sources */ = {isa = PBXBuildFile; fileRef = 92C444ED1F53CD56008FB3EB /* AppDelegate.swift */; };
		92C444F01F53CD56008FB3EB /* CalculatorViewController.swift in Sources */ = {isa = PBXBuildFile; fileRef = 92C444EF1F53CD56008FB3EB /* CalculatorViewController.swift */; };
		92C444F31F53CD56008FB3EB /* Main.storyboard in Resources */ = {isa = PBXBuildFile; fileRef = 92C444F11F53CD56008FB3EB /* Main.storyboard */; };
		92C444F51F53CD56008FB3EB /* Assets.xcassets in Resources */ = {isa = PBXBuildFile; fileRef = 92C444F41F53CD56008FB3EB /* Assets.xcassets */; };
		92C444F81F53CD56008FB3EB /* LaunchScreen.storyboard in Resources */ = {isa = PBXBuildFile; fileRef = 92C444F61F53CD56008FB3EB /* LaunchScreen.storyboard */; };
		92E145A31F590BEF003E9B5B /* The_Chalkboard_CalculatorTests.swift in Sources */ = {isa = PBXBuildFile; fileRef = 92E145A21F590BEF003E9B5B /* The_Chalkboard_CalculatorTests.swift */; };
/* End PBXBuildFile section */

/* Begin PBXContainerItemProxy section */
		92E145A51F590BEF003E9B5B /* PBXContainerItemProxy */ = {
			isa = PBXContainerItemProxy;
			containerPortal = 92C444E21F53CD55008FB3EB /* Project object */;
			proxyType = 1;
			remoteGlobalIDString = 92C444E91F53CD55008FB3EB;
			remoteInfo = "The Chalkboard Calculator";
		};
/* End PBXContainerItemProxy section */

/* Begin PBXFileReference section */
		92334FBD1F59F70900634A07 /* ToDo.rtf */ = {isa = PBXFileReference; fileEncoding = 4; lastKnownFileType = text.rtf; path = ToDo.rtf; sourceTree = "<group>"; };
		9277F61D1F5437C00006BCC6 /* FAQTableViewController.swift */ = {isa = PBXFileReference; fileEncoding = 4; lastKnownFileType = sourcecode.swift; path = FAQTableViewController.swift; sourceTree = "<group>"; };
		92C444EA1F53CD56008FB3EB /* The Chalkboard Calculator.app */ = {isa = PBXFileReference; explicitFileType = wrapper.application; includeInIndex = 0; path = "The Chalkboard Calculator.app"; sourceTree = BUILT_PRODUCTS_DIR; };
		92C444ED1F53CD56008FB3EB /* AppDelegate.swift */ = {isa = PBXFileReference; lastKnownFileType = sourcecode.swift; path = AppDelegate.swift; sourceTree = "<group>"; };
		92C444EF1F53CD56008FB3EB /* CalculatorViewController.swift */ = {isa = PBXFileReference; lastKnownFileType = sourcecode.swift; path = CalculatorViewController.swift; sourceTree = "<group>"; };
		92C444F21F53CD56008FB3EB /* Base */ = {isa = PBXFileReference; lastKnownFileType = file.storyboard; name = Base; path = Base.lproj/Main.storyboard; sourceTree = "<group>"; };
		92C444F41F53CD56008FB3EB /* Assets.xcassets */ = {isa = PBXFileReference; lastKnownFileType = folder.assetcatalog; path = Assets.xcassets; sourceTree = "<group>"; };
		92C444F71F53CD56008FB3EB /* Base */ = {isa = PBXFileReference; lastKnownFileType = file.storyboard; name = Base; path = Base.lproj/LaunchScreen.storyboard; sourceTree = "<group>"; };
		92C444F91F53CD56008FB3EB /* Info.plist */ = {isa = PBXFileReference; lastKnownFileType = text.plist.xml; path = Info.plist; sourceTree = "<group>"; };
		92E145A01F590BEE003E9B5B /* The Chalkboard CalculatorTests.xctest */ = {isa = PBXFileReference; explicitFileType = wrapper.cfbundle; includeInIndex = 0; path = "The Chalkboard CalculatorTests.xctest"; sourceTree = BUILT_PRODUCTS_DIR; };
		92E145A21F590BEF003E9B5B /* The_Chalkboard_CalculatorTests.swift */ = {isa = PBXFileReference; lastKnownFileType = sourcecode.swift; path = The_Chalkboard_CalculatorTests.swift; sourceTree = "<group>"; };
		92E145A41F590BEF003E9B5B /* Info.plist */ = {isa = PBXFileReference; lastKnownFileType = text.plist.xml; path = Info.plist; sourceTree = "<group>"; };
/* End PBXFileReference section */

/* Begin PBXFrameworksBuildPhase section */
		92C444E71F53CD55008FB3EB /* Frameworks */ = {
			isa = PBXFrameworksBuildPhase;
			buildActionMask = 2147483647;
			files = (
			);
			runOnlyForDeploymentPostprocessing = 0;
		};
		92E1459D1F590BEE003E9B5B /* Frameworks */ = {
			isa = PBXFrameworksBuildPhase;
			buildActionMask = 2147483647;
			files = (
			);
			runOnlyForDeploymentPostprocessing = 0;
		};
/* End PBXFrameworksBuildPhase section */

/* Begin PBXGroup section */
		92C444E11F53CD55008FB3EB = {
			isa = PBXGroup;
			children = (
				92334FBD1F59F70900634A07 /* ToDo.rtf */,
				92C444EC1F53CD56008FB3EB /* The Chalkboard Calculator */,
				92E145A11F590BEF003E9B5B /* The Chalkboard CalculatorTests */,
				92C444EB1F53CD56008FB3EB /* Products */,
			);
			sourceTree = "<group>";
		};
		92C444EB1F53CD56008FB3EB /* Products */ = {
			isa = PBXGroup;
			children = (
				92C444EA1F53CD56008FB3EB /* The Chalkboard Calculator.app */,
				92E145A01F590BEE003E9B5B /* The Chalkboard CalculatorTests.xctest */,
			);
			name = Products;
			sourceTree = "<group>";
		};
		92C444EC1F53CD56008FB3EB /* The Chalkboard Calculator */ = {
			isa = PBXGroup;
			children = (
				92C444ED1F53CD56008FB3EB /* AppDelegate.swift */,
				92C444EF1F53CD56008FB3EB /* CalculatorViewController.swift */,
				92C444F11F53CD56008FB3EB /* Main.storyboard */,
				9277F61D1F5437C00006BCC6 /* FAQTableViewController.swift */,
				92C444F41F53CD56008FB3EB /* Assets.xcassets */,
				92C444F61F53CD56008FB3EB /* LaunchScreen.storyboard */,
				92C444F91F53CD56008FB3EB /* Info.plist */,
			);
			path = "The Chalkboard Calculator";
			sourceTree = "<group>";
		};
		92E145A11F590BEF003E9B5B /* The Chalkboard CalculatorTests */ = {
			isa = PBXGroup;
			children = (
				92E145A21F590BEF003E9B5B /* The_Chalkboard_CalculatorTests.swift */,
				92E145A41F590BEF003E9B5B /* Info.plist */,
			);
			path = "The Chalkboard CalculatorTests";
			sourceTree = "<group>";
		};
/* End PBXGroup section */

/* Begin PBXNativeTarget section */
		92C444E91F53CD55008FB3EB /* The Chalkboard Calculator */ = {
			isa = PBXNativeTarget;
			buildConfigurationList = 92C444FC1F53CD56008FB3EB /* Build configuration list for PBXNativeTarget "The Chalkboard Calculator" */;
			buildPhases = (
				92C444E61F53CD55008FB3EB /* Sources */,
				92C444E71F53CD55008FB3EB /* Frameworks */,
				92C444E81F53CD55008FB3EB /* Resources */,
			);
			buildRules = (
			);
			dependencies = (
			);
			name = "The Chalkboard Calculator";
			productName = "The Chalkboard Calculator";
			productReference = 92C444EA1F53CD56008FB3EB /* The Chalkboard Calculator.app */;
			productType = "com.apple.product-type.application";
		};
		92E1459F1F590BEE003E9B5B /* The Chalkboard CalculatorTests */ = {
			isa = PBXNativeTarget;
			buildConfigurationList = 92E145A91F590BEF003E9B5B /* Build configuration list for PBXNativeTarget "The Chalkboard CalculatorTests" */;
			buildPhases = (
				92E1459C1F590BEE003E9B5B /* Sources */,
				92E1459D1F590BEE003E9B5B /* Frameworks */,
				92E1459E1F590BEE003E9B5B /* Resources */,
			);
			buildRules = (
			);
			dependencies = (
				92E145A61F590BEF003E9B5B /* PBXTargetDependency */,
			);
			name = "The Chalkboard CalculatorTests";
			productName = "The Chalkboard CalculatorTests";
			productReference = 92E145A01F590BEE003E9B5B /* The Chalkboard CalculatorTests.xctest */;
			productType = "com.apple.product-type.bundle.unit-test";
		};
/* End PBXNativeTarget section */

/* Begin PBXProject section */
		92C444E21F53CD55008FB3EB /* Project object */ = {
			isa = PBXProject;
			attributes = {
				LastSwiftUpdateCheck = 0830;
				LastUpgradeCheck = 0830;
				ORGANIZATIONNAME = "Casandra Hayward";
				TargetAttributes = {
					92C444E91F53CD55008FB3EB = {
						CreatedOnToolsVersion = 8.3.3;
						DevelopmentTeam = 3LZFVNJHN2;
						ProvisioningStyle = Automatic;
					};
					92E1459F1F590BEE003E9B5B = {
						CreatedOnToolsVersion = 8.3.3;
						DevelopmentTeam = 3LZFVNJHN2;
						ProvisioningStyle = Automatic;
						TestTargetID = 92C444E91F53CD55008FB3EB;
					};
				};
			};
			buildConfigurationList = 92C444E51F53CD55008FB3EB /* Build configuration list for PBXProject "The Chalkboard Calculator" */;
			compatibilityVersion = "Xcode 3.2";
			developmentRegion = English;
			hasScannedForEncodings = 0;
			knownRegions = (
				en,
				Base,
			);
			mainGroup = 92C444E11F53CD55008FB3EB;
			productRefGroup = 92C444EB1F53CD56008FB3EB /* Products */;
			projectDirPath = "";
			projectRoot = "";
			targets = (
				92C444E91F53CD55008FB3EB /* The Chalkboard Calculator */,
				92E1459F1F590BEE003E9B5B /* The Chalkboard CalculatorTests */,
			);
		};
/* End PBXProject section */

/* Begin PBXResourcesBuildPhase section */
		92C444E81F53CD55008FB3EB /* Resources */ = {
			isa = PBXResourcesBuildPhase;
			buildActionMask = 2147483647;
			files = (
				92334FBE1F59F70900634A07 /* ToDo.rtf in Resources */,
				92C444F81F53CD56008FB3EB /* LaunchScreen.storyboard in Resources */,
				92C444F51F53CD56008FB3EB /* Assets.xcassets in Resources */,
				92C444F31F53CD56008FB3EB /* Main.storyboard in Resources */,
			);
			runOnlyForDeploymentPostprocessing = 0;
		};
		92E1459E1F590BEE003E9B5B /* Resources */ = {
			isa = PBXResourcesBuildPhase;
			buildActionMask = 2147483647;
			files = (
			);
			runOnlyForDeploymentPostprocessing = 0;
		};
/* End PBXResourcesBuildPhase section */

/* Begin PBXSourcesBuildPhase section */
		92C444E61F53CD55008FB3EB /* Sources */ = {
			isa = PBXSourcesBuildPhase;
			buildActionMask = 2147483647;
			files = (
				92C444F01F53CD56008FB3EB /* CalculatorViewController.swift in Sources */,
				9277F61E1F5437C00006BCC6 /* FAQTableViewController.swift in Sources */,
				92C444EE1F53CD56008FB3EB /* AppDelegate.swift in Sources */,
			);
			runOnlyForDeploymentPostprocessing = 0;
		};
		92E1459C1F590BEE003E9B5B /* Sources */ = {
			isa = PBXSourcesBuildPhase;
			buildActionMask = 2147483647;
			files = (
				92E145A31F590BEF003E9B5B /* The_Chalkboard_CalculatorTests.swift in Sources */,
			);
			runOnlyForDeploymentPostprocessing = 0;
		};
/* End PBXSourcesBuildPhase section */

/* Begin PBXTargetDependency section */
		92E145A61F590BEF003E9B5B /* PBXTargetDependency */ = {
			isa = PBXTargetDependency;
			target = 92C444E91F53CD55008FB3EB /* The Chalkboard Calculator */;
			targetProxy = 92E145A51F590BEF003E9B5B /* PBXContainerItemProxy */;
		};
/* End PBXTargetDependency section */

/* Begin PBXVariantGroup section */
		92C444F11F53CD56008FB3EB /* Main.storyboard */ = {
			isa = PBXVariantGroup;
			children = (
				92C444F21F53CD56008FB3EB /* Base */,
			);
			name = Main.storyboard;
			sourceTree = "<group>";
		};
		92C444F61F53CD56008FB3EB /* LaunchScreen.storyboard */ = {
			isa = PBXVariantGroup;
			children = (
				92C444F71F53CD56008FB3EB /* Base */,
			);
			name = LaunchScreen.storyboard;
			sourceTree = "<group>";
		};
/* End PBXVariantGroup section */

/* Begin XCBuildConfiguration section */
		92C444FA1F53CD56008FB3EB /* Debug */ = {
			isa = XCBuildConfiguration;
			buildSettings = {
				ALWAYS_SEARCH_USER_PATHS = NO;
				CLANG_ANALYZER_NONNULL = YES;
				CLANG_ANALYZER_NUMBER_OBJECT_CONVERSION = YES_AGGRESSIVE;
				CLANG_CXX_LANGUAGE_STANDARD = "gnu++0x";
				CLANG_CXX_LIBRARY = "libc++";
				CLANG_ENABLE_MODULES = YES;
				CLANG_ENABLE_OBJC_ARC = YES;
				CLANG_WARN_BOOL_CONVERSION = YES;
				CLANG_WARN_CONSTANT_CONVERSION = YES;
				CLANG_WARN_DIRECT_OBJC_ISA_USAGE = YES_ERROR;
				CLANG_WARN_DOCUMENTATION_COMMENTS = YES;
				CLANG_WARN_EMPTY_BODY = YES;
				CLANG_WARN_ENUM_CONVERSION = YES;
				CLANG_WARN_INFINITE_RECURSION = YES;
				CLANG_WARN_INT_CONVERSION = YES;
				CLANG_WARN_OBJC_ROOT_CLASS = YES_ERROR;
				CLANG_WARN_SUSPICIOUS_MOVE = YES;
				CLANG_WARN_UNREACHABLE_CODE = YES;
				CLANG_WARN__DUPLICATE_METHOD_MATCH = YES;
				"CODE_SIGN_IDENTITY[sdk=iphoneos*]" = "iPhone Developer";
				COPY_PHASE_STRIP = NO;
				DEBUG_INFORMATION_FORMAT = dwarf;
				ENABLE_STRICT_OBJC_MSGSEND = YES;
				ENABLE_TESTABILITY = YES;
				GCC_C_LANGUAGE_STANDARD = gnu99;
				GCC_DYNAMIC_NO_PIC = NO;
				GCC_NO_COMMON_BLOCKS = YES;
				GCC_OPTIMIZATION_LEVEL = 0;
				GCC_PREPROCESSOR_DEFINITIONS = (
					"DEBUG=1",
					"$(inherited)",
				);
				GCC_WARN_64_TO_32_BIT_CONVERSION = YES;
				GCC_WARN_ABOUT_RETURN_TYPE = YES_ERROR;
				GCC_WARN_UNDECLARED_SELECTOR = YES;
				GCC_WARN_UNINITIALIZED_AUTOS = YES_AGGRESSIVE;
				GCC_WARN_UNUSED_FUNCTION = YES;
				GCC_WARN_UNUSED_VARIABLE = YES;
				IPHONEOS_DEPLOYMENT_TARGET = 10.3;
				MTL_ENABLE_DEBUG_INFO = YES;
				ONLY_ACTIVE_ARCH = YES;
				SDKROOT = iphoneos;
				SWIFT_ACTIVE_COMPILATION_CONDITIONS = DEBUG;
				SWIFT_OPTIMIZATION_LEVEL = "-Onone";
				TARGETED_DEVICE_FAMILY = "1,2";
			};
			name = Debug;
		};
		92C444FB1F53CD56008FB3EB /* Release */ = {
			isa = XCBuildConfiguration;
			buildSettings = {
				ALWAYS_SEARCH_USER_PATHS = NO;
				CLANG_ANALYZER_NONNULL = YES;
				CLANG_ANALYZER_NUMBER_OBJECT_CONVERSION = YES_AGGRESSIVE;
				CLANG_CXX_LANGUAGE_STANDARD = "gnu++0x";
				CLANG_CXX_LIBRARY = "libc++";
				CLANG_ENABLE_MODULES = YES;
				CLANG_ENABLE_OBJC_ARC = YES;
				CLANG_WARN_BOOL_CONVERSION = YES;
				CLANG_WARN_CONSTANT_CONVERSION = YES;
				CLANG_WARN_DIRECT_OBJC_ISA_USAGE = YES_ERROR;
				CLANG_WARN_DOCUMENTATION_COMMENTS = YES;
				CLANG_WARN_EMPTY_BODY = YES;
				CLANG_WARN_ENUM_CONVERSION = YES;
				CLANG_WARN_INFINITE_RECURSION = YES;
				CLANG_WARN_INT_CONVERSION = YES;
				CLANG_WARN_OBJC_ROOT_CLASS = YES_ERROR;
				CLANG_WARN_SUSPICIOUS_MOVE = YES;
				CLANG_WARN_UNREACHABLE_CODE = YES;
				CLANG_WARN__DUPLICATE_METHOD_MATCH = YES;
				"CODE_SIGN_IDENTITY[sdk=iphoneos*]" = "iPhone Developer";
				COPY_PHASE_STRIP = NO;
				DEBUG_INFORMATION_FORMAT = "dwarf-with-dsym";
				ENABLE_NS_ASSERTIONS = NO;
				ENABLE_STRICT_OBJC_MSGSEND = YES;
				GCC_C_LANGUAGE_STANDARD = gnu99;
				GCC_NO_COMMON_BLOCKS = YES;
				GCC_WARN_64_TO_32_BIT_CONVERSION = YES;
				GCC_WARN_ABOUT_RETURN_TYPE = YES_ERROR;
				GCC_WARN_UNDECLARED_SELECTOR = YES;
				GCC_WARN_UNINITIALIZED_AUTOS = YES_AGGRESSIVE;
				GCC_WARN_UNUSED_FUNCTION = YES;
				GCC_WARN_UNUSED_VARIABLE = YES;
				IPHONEOS_DEPLOYMENT_TARGET = 10.3;
				MTL_ENABLE_DEBUG_INFO = NO;
				SDKROOT = iphoneos;
				SWIFT_OPTIMIZATION_LEVEL = "-Owholemodule";
				TARGETED_DEVICE_FAMILY = "1,2";
				VALIDATE_PRODUCT = YES;
			};
			name = Release;
		};
		92C444FD1F53CD56008FB3EB /* Debug */ = {
			isa = XCBuildConfiguration;
			buildSettings = {
				ASSETCATALOG_COMPILER_APPICON_NAME = AppIcon;
				DEVELOPMENT_TEAM = 3LZFVNJHN2;
				INFOPLIST_FILE = "The Chalkboard Calculator/Info.plist";
				LD_RUNPATH_SEARCH_PATHS = "$(inherited) @executable_path/Frameworks";
				PRODUCT_BUNDLE_IDENTIFIER = "com.example.The-Chalkboard-Calculator";
				PRODUCT_NAME = "$(TARGET_NAME)";
				SWIFT_VERSION = 3.0;
			};
			name = Debug;
		};
		92C444FE1F53CD56008FB3EB /* Release */ = {
			isa = XCBuildConfiguration;
			buildSettings = {
				ASSETCATALOG_COMPILER_APPICON_NAME = AppIcon;
				DEVELOPMENT_TEAM = 3LZFVNJHN2;
				INFOPLIST_FILE = "The Chalkboard Calculator/Info.plist";
				LD_RUNPATH_SEARCH_PATHS = "$(inherited) @executable_path/Frameworks";
				PRODUCT_BUNDLE_IDENTIFIER = "com.example.The-Chalkboard-Calculator";
				PRODUCT_NAME = "$(TARGET_NAME)";
				SWIFT_VERSION = 3.0;
			};
			name = Release;
		};
		92E145A71F590BEF003E9B5B /* Debug */ = {
			isa = XCBuildConfiguration;
			buildSettings = {
				BUNDLE_LOADER = "$(TEST_HOST)";
				DEVELOPMENT_TEAM = 3LZFVNJHN2;
				INFOPLIST_FILE = "The Chalkboard CalculatorTests/Info.plist";
				LD_RUNPATH_SEARCH_PATHS = "$(inherited) @executable_path/Frameworks @loader_path/Frameworks";
				PRODUCT_BUNDLE_IDENTIFIER = "com.example.The-Chalkboard-CalculatorTests";
				PRODUCT_NAME = "$(TARGET_NAME)";
				SWIFT_VERSION = 3.0;
				TEST_HOST = "$(BUILT_PRODUCTS_DIR)/The Chalkboard Calculator.app/The Chalkboard Calculator";
			};
			name = Debug;
		};
		92E145A81F590BEF003E9B5B /* Release */ = {
			isa = XCBuildConfiguration;
			buildSettings = {
				BUNDLE_LOADER = "$(TEST_HOST)";
				DEVELOPMENT_TEAM = 3LZFVNJHN2;
				INFOPLIST_FILE = "The Chalkboard CalculatorTests/Info.plist";
				LD_RUNPATH_SEARCH_PATHS = "$(inherited) @executable_path/Frameworks @loader_path/Frameworks";
				PRODUCT_BUNDLE_IDENTIFIER = "com.example.The-Chalkboard-CalculatorTests";
				PRODUCT_NAME = "$(TARGET_NAME)";
				SWIFT_VERSION = 3.0;
				TEST_HOST = "$(BUILT_PRODUCTS_DIR)/The Chalkboard Calculator.app/The Chalkboard Calculator";
			};
			name = Release;
		};
/* End XCBuildConfiguration section */

/* Begin XCConfigurationList section */
		92C444E51F53CD55008FB3EB /* Build configuration list for PBXProject "The Chalkboard Calculator" */ = {
			isa = XCConfigurationList;
			buildConfigurations = (
				92C444FA1F53CD56008FB3EB /* Debug */,
				92C444FB1F53CD56008FB3EB /* Release */,
			);
			defaultConfigurationIsVisible = 0;
			defaultConfigurationName = Release;
		};
		92C444FC1F53CD56008FB3EB /* Build configuration list for PBXNativeTarget "The Chalkboard Calculator" */ = {
			isa = XCConfigurationList;
			buildConfigurations = (
				92C444FD1F53CD56008FB3EB /* Debug */,
				92C444FE1F53CD56008FB3EB /* Release */,
			);
			defaultConfigurationIsVisible = 0;
			defaultConfigurationName = Release;
		};
		92E145A91F590BEF003E9B5B /* Build configuration list for PBXNativeTarget "The Chalkboard CalculatorTests" */ = {
			isa = XCConfigurationList;
			buildConfigurations = (
				92E145A71F590BEF003E9B5B /* Debug */,
				92E145A81F590BEF003E9B5B /* Release */,
			);
			defaultConfigurationIsVisible = 0;
			defaultConfigurationName = Release;
		};
/* End XCConfigurationList section */
	};
	rootObject = 92C444E21F53CD55008FB3EB /* Project object */;
}
